
Microsoft Visual Studio Solution File, Format Version 11.00
# Visual Studio 2010
Project("{FAE04EC0-301F-11D3-BF4B-00C04F79EFBC}") = "Actual FBLA Game", "Assembly-CSharp-firstpass.csproj", "{23B7C654-EFFB-D80F-94F9-D760898CC2C5}"
EndProject
Project("{FAE04EC0-301F-11D3-BF4B-00C04F79EFBC}") = "Actual FBLA Game", "Assembly-CSharp.csproj", "{230F5852-4DBF-2993-13F4-F4A28C36A424}"
EndProject
Project("{FAE04EC0-301F-11D3-BF4B-00C04F79EFBC}") = "Actual FBLA Game", "Assembly-CSharp-Editor-firstpass.csproj", "{80175C28-110D-F7A0-1BE3-34F212C1F3CE}"
EndProject
Global
	GlobalSection(SolutionConfigurationPlatforms) = preSolution
		Debug|Any CPU = Debug|Any CPU
		Release|Any CPU = Release|Any CPU
	EndGlobalSection
	GlobalSection(ProjectConfigurationPlatforms) = postSolution
		{23B7C654-EFFB-D80F-94F9-D760898CC2C5}.Debug|Any CPU.ActiveCfg = Debug|Any CPU
		{23B7C654-EFFB-D80F-94F9-D760898CC2C5}.Debug|Any CPU.Build.0 = Debug|Any CPU
		{23B7C654-EFFB-D80F-94F9-D760898CC2C5}.Release|Any CPU.ActiveCfg = Release|Any CPU
		{23B7C654-EFFB-D80F-94F9-D760898CC2C5}.Release|Any CPU.Build.0 = Release|Any CPU
		{230F5852-4DBF-2993-13F4-F4A28C36A424}.Debug|Any CPU.ActiveCfg = Debug|Any CPU
		{230F5852-4DBF-2993-13F4-F4A28C36A424}.Debug|Any CPU.Build.0 = Debug|Any CPU
		{230F5852-4DBF-2993-13F4-F4A28C36A424}.Release|Any CPU.ActiveCfg = Release|Any CPU
		{230F5852-4DBF-2993-13F4-F4A28C36A424}.Release|Any CPU.Build.0 = Release|Any CPU
		{80175C28-110D-F7A0-1BE3-34F212C1F3CE}.Debug|Any CPU.ActiveCfg = Debug|Any CPU
		{80175C28-110D-F7A0-1BE3-34F212C1F3CE}.Debug|Any CPU.Build.0 = Debug|Any CPU
		{80175C28-110D-F7A0-1BE3-34F212C1F3CE}.Release|Any CPU.ActiveCfg = Release|Any CPU
		{80175C28-110D-F7A0-1BE3-34F212C1F3CE}.Release|Any CPU.Build.0 = Release|Any CPU
	EndGlobalSection
	GlobalSection(SolutionProperties) = preSolution
		HideSolutionNode = FALSE
	EndGlobalSection
	GlobalSection(MonoDevelopProperties) = preSolution
		StartupItem = Assembly-CSharp.csproj
	EndGlobalSection
EndGlobal
